// !$*UTF8*$!
{
	archiveVersion = 1;
	classes = {
	};
	objectVersion = 46;
	objects = {

/* Begin PBXBuildFile section */
		04E0031018E5A7BE0087EBFF /* AFHTTPRequestOperation.m in Sources */ = {isa = PBXBuildFile; fileRef = 04E002FE18E5A7BE0087EBFF /* AFHTTPRequestOperation.m */; };
		04E0031118E5A7BE0087EBFF /* AFHTTPRequestOperationManager.m in Sources */ = {isa = PBXBuildFile; fileRef = 04E0030018E5A7BE0087EBFF /* AFHTTPRequestOperationManager.m */; };
		04E0031218E5A7BE0087EBFF /* AFHTTPSessionManager.m in Sources */ = {isa = PBXBuildFile; fileRef = 04E0030218E5A7BE0087EBFF /* AFHTTPSessionManager.m */; };
		04E0031318E5A7BE0087EBFF /* AFNetworkReachabilityManager.m in Sources */ = {isa = PBXBuildFile; fileRef = 04E0030518E5A7BE0087EBFF /* AFNetworkReachabilityManager.m */; };
		04E0031418E5A7BE0087EBFF /* AFSecurityPolicy.m in Sources */ = {isa = PBXBuildFile; fileRef = 04E0030718E5A7BE0087EBFF /* AFSecurityPolicy.m */; };
		04E0031518E5A7BE0087EBFF /* AFURLConnectionOperation.m in Sources */ = {isa = PBXBuildFile; fileRef = 04E0030918E5A7BE0087EBFF /* AFURLConnectionOperation.m */; };
		04E0031618E5A7BE0087EBFF /* AFURLRequestSerialization.m in Sources */ = {isa = PBXBuildFile; fileRef = 04E0030B18E5A7BE0087EBFF /* AFURLRequestSerialization.m */; };
		04E0031718E5A7BE0087EBFF /* AFURLResponseSerialization.m in Sources */ = {isa = PBXBuildFile; fileRef = 04E0030D18E5A7BE0087EBFF /* AFURLResponseSerialization.m */; };
		04E0031818E5A7BE0087EBFF /* AFURLSessionManager.m in Sources */ = {isa = PBXBuildFile; fileRef = 04E0030F18E5A7BE0087EBFF /* AFURLSessionManager.m */; };
		04E0031A18E5A96F0087EBFF /* CFNetwork.framework in Frameworks */ = {isa = PBXBuildFile; fileRef = 04E0031918E5A96F0087EBFF /* CFNetwork.framework */; };
		04E0031C18E5A9750087EBFF /* SystemConfiguration.framework in Frameworks */ = {isa = PBXBuildFile; fileRef = 04E0031B18E5A9750087EBFF /* SystemConfiguration.framework */; };
		04E0031E18E5A97A0087EBFF /* libz.dylib in Frameworks */ = {isa = PBXBuildFile; fileRef = 04E0031D18E5A97A0087EBFF /* libz.dylib */; };
		04EFF60B18E4FDFE0050CAEF /* Cocoa.framework in Frameworks */ = {isa = PBXBuildFile; fileRef = 04EFF60A18E4FDFE0050CAEF /* Cocoa.framework */; };
		04EFF61518E4FDFE0050CAEF /* InfoPlist.strings in Resources */ = {isa = PBXBuildFile; fileRef = 04EFF61318E4FDFE0050CAEF /* InfoPlist.strings */; };
		04EFF61718E4FDFE0050CAEF /* main.m in Sources */ = {isa = PBXBuildFile; fileRef = 04EFF61618E4FDFE0050CAEF /* main.m */; };
		04EFF61B18E4FDFE0050CAEF /* Credits.rtf in Resources */ = {isa = PBXBuildFile; fileRef = 04EFF61918E4FDFE0050CAEF /* Credits.rtf */; };
		04EFF61E18E4FDFE0050CAEF /* AppDelegate.m in Sources */ = {isa = PBXBuildFile; fileRef = 04EFF61D18E4FDFE0050CAEF /* AppDelegate.m */; };
		04EFF62118E4FDFE0050CAEF /* MainMenu.xib in Resources */ = {isa = PBXBuildFile; fileRef = 04EFF61F18E4FDFE0050CAEF /* MainMenu.xib */; };
		04EFF62318E4FDFE0050CAEF /* Images.xcassets in Resources */ = {isa = PBXBuildFile; fileRef = 04EFF62218E4FDFE0050CAEF /* Images.xcassets */; };
		04EFF62A18E4FDFE0050CAEF /* XCTest.framework in Frameworks */ = {isa = PBXBuildFile; fileRef = 04EFF62918E4FDFE0050CAEF /* XCTest.framework */; };
		04EFF62B18E4FDFE0050CAEF /* Cocoa.framework in Frameworks */ = {isa = PBXBuildFile; fileRef = 04EFF60A18E4FDFE0050CAEF /* Cocoa.framework */; };
		04EFF63318E4FDFE0050CAEF /* InfoPlist.strings in Resources */ = {isa = PBXBuildFile; fileRef = 04EFF63118E4FDFE0050CAEF /* InfoPlist.strings */; };
		04EFF63518E4FDFE0050CAEF /* ScanningTests.m in Sources */ = {isa = PBXBuildFile; fileRef = 04EFF63418E4FDFE0050CAEF /* ScanningTests.m */; };
/* End PBXBuildFile section */

/* Begin PBXContainerItemProxy section */
		04EFF62C18E4FDFE0050CAEF /* PBXContainerItemProxy */ = {
			isa = PBXContainerItemProxy;
			containerPortal = 04EFF5FF18E4FDFE0050CAEF /* Project object */;
			proxyType = 1;
			remoteGlobalIDString = 04EFF60618E4FDFE0050CAEF;
			remoteInfo = Scanning;
		};
/* End PBXContainerItemProxy section */

/* Begin PBXFileReference section */
		04E002FD18E5A7BE0087EBFF /* AFHTTPRequestOperation.h */ = {isa = PBXFileReference; fileEncoding = 4; lastKnownFileType = sourcecode.c.h; path = AFHTTPRequestOperation.h; sourceTree = "<group>"; };
		04E002FE18E5A7BE0087EBFF /* AFHTTPRequestOperation.m */ = {isa = PBXFileReference; fileEncoding = 4; lastKnownFileType = sourcecode.c.objc; path = AFHTTPRequestOperation.m; sourceTree = "<group>"; };
		04E002FF18E5A7BE0087EBFF /* AFHTTPRequestOperationManager.h */ = {isa = PBXFileReference; fileEncoding = 4; lastKnownFileType = sourcecode.c.h; path = AFHTTPRequestOperationManager.h; sourceTree = "<group>"; };
		04E0030018E5A7BE0087EBFF /* AFHTTPRequestOperationManager.m */ = {isa = PBXFileReference; fileEncoding = 4; lastKnownFileType = sourcecode.c.objc; path = AFHTTPRequestOperationManager.m; sourceTree = "<group>"; };
		04E0030118E5A7BE0087EBFF /* AFHTTPSessionManager.h */ = {isa = PBXFileReference; fileEncoding = 4; lastKnownFileType = sourcecode.c.h; path = AFHTTPSessionManager.h; sourceTree = "<group>"; };
		04E0030218E5A7BE0087EBFF /* AFHTTPSessionManager.m */ = {isa = PBXFileReference; fileEncoding = 4; lastKnownFileType = sourcecode.c.objc; path = AFHTTPSessionManager.m; sourceTree = "<group>"; };
		04E0030318E5A7BE0087EBFF /* AFNetworking.h */ = {isa = PBXFileReference; fileEncoding = 4; lastKnownFileType = sourcecode.c.h; path = AFNetworking.h; sourceTree = "<group>"; };
		04E0030418E5A7BE0087EBFF /* AFNetworkReachabilityManager.h */ = {isa = PBXFileReference; fileEncoding = 4; lastKnownFileType = sourcecode.c.h; path = AFNetworkReachabilityManager.h; sourceTree = "<group>"; };
		04E0030518E5A7BE0087EBFF /* AFNetworkReachabilityManager.m */ = {isa = PBXFileReference; fileEncoding = 4; lastKnownFileType = sourcecode.c.objc; path = AFNetworkReachabilityManager.m; sourceTree = "<group>"; };
		04E0030618E5A7BE0087EBFF /* AFSecurityPolicy.h */ = {isa = PBXFileReference; fileEncoding = 4; lastKnownFileType = sourcecode.c.h; path = AFSecurityPolicy.h; sourceTree = "<group>"; };
		04E0030718E5A7BE0087EBFF /* AFSecurityPolicy.m */ = {isa = PBXFileReference; fileEncoding = 4; lastKnownFileType = sourcecode.c.objc; path = AFSecurityPolicy.m; sourceTree = "<group>"; };
		04E0030818E5A7BE0087EBFF /* AFURLConnectionOperation.h */ = {isa = PBXFileReference; fileEncoding = 4; lastKnownFileType = sourcecode.c.h; path = AFURLConnectionOperation.h; sourceTree = "<group>"; };
		04E0030918E5A7BE0087EBFF /* AFURLConnectionOperation.m */ = {isa = PBXFileReference; fileEncoding = 4; lastKnownFileType = sourcecode.c.objc; path = AFURLConnectionOperation.m; sourceTree = "<group>"; };
		04E0030A18E5A7BE0087EBFF /* AFURLRequestSerialization.h */ = {isa = PBXFileReference; fileEncoding = 4; lastKnownFileType = sourcecode.c.h; path = AFURLRequestSerialization.h; sourceTree = "<group>"; };
		04E0030B18E5A7BE0087EBFF /* AFURLRequestSerialization.m */ = {isa = PBXFileReference; fileEncoding = 4; lastKnownFileType = sourcecode.c.objc; path = AFURLRequestSerialization.m; sourceTree = "<group>"; };
		04E0030C18E5A7BE0087EBFF /* AFURLResponseSerialization.h */ = {isa = PBXFileReference; fileEncoding = 4; lastKnownFileType = sourcecode.c.h; path = AFURLResponseSerialization.h; sourceTree = "<group>"; };
		04E0030D18E5A7BE0087EBFF /* AFURLResponseSerialization.m */ = {isa = PBXFileReference; fileEncoding = 4; lastKnownFileType = sourcecode.c.objc; path = AFURLResponseSerialization.m; sourceTree = "<group>"; };
		04E0030E18E5A7BE0087EBFF /* AFURLSessionManager.h */ = {isa = PBXFileReference; fileEncoding = 4; lastKnownFileType = sourcecode.c.h; path = AFURLSessionManager.h; sourceTree = "<group>"; };
		04E0030F18E5A7BE0087EBFF /* AFURLSessionManager.m */ = {isa = PBXFileReference; fileEncoding = 4; lastKnownFileType = sourcecode.c.objc; path = AFURLSessionManager.m; sourceTree = "<group>"; };
		04E0031918E5A96F0087EBFF /* CFNetwork.framework */ = {isa = PBXFileReference; lastKnownFileType = wrapper.framework; name = CFNetwork.framework; path = System/Library/Frameworks/CFNetwork.framework; sourceTree = SDKROOT; };
		04E0031B18E5A9750087EBFF /* SystemConfiguration.framework */ = {isa = PBXFileReference; lastKnownFileType = wrapper.framework; name = SystemConfiguration.framework; path = System/Library/Frameworks/SystemConfiguration.framework; sourceTree = SDKROOT; };
		04E0031D18E5A97A0087EBFF /* libz.dylib */ = {isa = PBXFileReference; lastKnownFileType = "compiled.mach-o.dylib"; name = libz.dylib; path = usr/lib/libz.dylib; sourceTree = SDKROOT; };
		04EFF60718E4FDFE0050CAEF /* Scanning.app */ = {isa = PBXFileReference; explicitFileType = wrapper.application; includeInIndex = 0; path = Scanning.app; sourceTree = BUILT_PRODUCTS_DIR; };
		04EFF60A18E4FDFE0050CAEF /* Cocoa.framework */ = {isa = PBXFileReference; lastKnownFileType = wrapper.framework; name = Cocoa.framework; path = System/Library/Frameworks/Cocoa.framework; sourceTree = SDKROOT; };
		04EFF60D18E4FDFE0050CAEF /* AppKit.framework */ = {isa = PBXFileReference; lastKnownFileType = wrapper.framework; name = AppKit.framework; path = System/Library/Frameworks/AppKit.framework; sourceTree = SDKROOT; };
		04EFF60E18E4FDFE0050CAEF /* CoreData.framework */ = {isa = PBXFileReference; lastKnownFileType = wrapper.framework; name = CoreData.framework; path = System/Library/Frameworks/CoreData.framework; sourceTree = SDKROOT; };
		04EFF60F18E4FDFE0050CAEF /* Foundation.framework */ = {isa = PBXFileReference; lastKnownFileType = wrapper.framework; name = Foundation.framework; path = System/Library/Frameworks/Foundation.framework; sourceTree = SDKROOT; };
		04EFF61218E4FDFE0050CAEF /* Scanning-Info.plist */ = {isa = PBXFileReference; lastKnownFileType = text.plist.xml; path = "Scanning-Info.plist"; sourceTree = "<group>"; };
		04EFF61418E4FDFE0050CAEF /* en */ = {isa = PBXFileReference; lastKnownFileType = text.plist.strings; name = en; path = en.lproj/InfoPlist.strings; sourceTree = "<group>"; };
		04EFF61618E4FDFE0050CAEF /* main.m */ = {isa = PBXFileReference; lastKnownFileType = sourcecode.c.objc; path = main.m; sourceTree = "<group>"; };
		04EFF61818E4FDFE0050CAEF /* Scanning-Prefix.pch */ = {isa = PBXFileReference; lastKnownFileType = sourcecode.c.h; path = "Scanning-Prefix.pch"; sourceTree = "<group>"; };
		04EFF61A18E4FDFE0050CAEF /* en */ = {isa = PBXFileReference; lastKnownFileType = text.rtf; name = en; path = en.lproj/Credits.rtf; sourceTree = "<group>"; };
		04EFF61C18E4FDFE0050CAEF /* AppDelegate.h */ = {isa = PBXFileReference; lastKnownFileType = sourcecode.c.h; path = AppDelegate.h; sourceTree = "<group>"; };
		04EFF61D18E4FDFE0050CAEF /* AppDelegate.m */ = {isa = PBXFileReference; lastKnownFileType = sourcecode.c.objc; path = AppDelegate.m; sourceTree = "<group>"; };
		04EFF62018E4FDFE0050CAEF /* Base */ = {isa = PBXFileReference; lastKnownFileType = file.xib; name = Base; path = Base.lproj/MainMenu.xib; sourceTree = "<group>"; };
		04EFF62218E4FDFE0050CAEF /* Images.xcassets */ = {isa = PBXFileReference; lastKnownFileType = folder.assetcatalog; path = Images.xcassets; sourceTree = "<group>"; };
		04EFF62818E4FDFE0050CAEF /* ScanningTests.xctest */ = {isa = PBXFileReference; explicitFileType = wrapper.cfbundle; includeInIndex = 0; path = ScanningTests.xctest; sourceTree = BUILT_PRODUCTS_DIR; };
		04EFF62918E4FDFE0050CAEF /* XCTest.framework */ = {isa = PBXFileReference; lastKnownFileType = wrapper.framework; name = XCTest.framework; path = Library/Frameworks/XCTest.framework; sourceTree = DEVELOPER_DIR; };
		04EFF63018E4FDFE0050CAEF /* ScanningTests-Info.plist */ = {isa = PBXFileReference; lastKnownFileType = text.plist.xml; path = "ScanningTests-Info.plist"; sourceTree = "<group>"; };
		04EFF63218E4FDFE0050CAEF /* en */ = {isa = PBXFileReference; lastKnownFileType = text.plist.strings; name = en; path = en.lproj/InfoPlist.strings; sourceTree = "<group>"; };
		04EFF63418E4FDFE0050CAEF /* ScanningTests.m */ = {isa = PBXFileReference; lastKnownFileType = sourcecode.c.objc; path = ScanningTests.m; sourceTree = "<group>"; };
/* End PBXFileReference section */

/* Begin PBXFrameworksBuildPhase section */
		04EFF60418E4FDFE0050CAEF /* Frameworks */ = {
			isa = PBXFrameworksBuildPhase;
			buildActionMask = 2147483647;
			files = (
				04E0031E18E5A97A0087EBFF /* libz.dylib in Frameworks */,
				04E0031C18E5A9750087EBFF /* SystemConfiguration.framework in Frameworks */,
				04E0031A18E5A96F0087EBFF /* CFNetwork.framework in Frameworks */,
				04EFF60B18E4FDFE0050CAEF /* Cocoa.framework in Frameworks */,
			);
			runOnlyForDeploymentPostprocessing = 0;
		};
		04EFF62518E4FDFE0050CAEF /* Frameworks */ = {
			isa = PBXFrameworksBuildPhase;
			buildActionMask = 2147483647;
			files = (
				04EFF62B18E4FDFE0050CAEF /* Cocoa.framework in Frameworks */,
				04EFF62A18E4FDFE0050CAEF /* XCTest.framework in Frameworks */,
			);
			runOnlyForDeploymentPostprocessing = 0;
		};
/* End PBXFrameworksBuildPhase section */

/* Begin PBXGroup section */
		04E002FB18E5A7BE0087EBFF /* ScanningLib */ = {
			isa = PBXGroup;
			children = (
				04E002FC18E5A7BE0087EBFF /* AFNetworking */,
			);
			path = ScanningLib;
			sourceTree = "<group>";
		};
		04E002FC18E5A7BE0087EBFF /* AFNetworking */ = {
			isa = PBXGroup;
			children = (
				04E002FD18E5A7BE0087EBFF /* AFHTTPRequestOperation.h */,
				04E002FE18E5A7BE0087EBFF /* AFHTTPRequestOperation.m */,
				04E002FF18E5A7BE0087EBFF /* AFHTTPRequestOperationManager.h */,
				04E0030018E5A7BE0087EBFF /* AFHTTPRequestOperationManager.m */,
				04E0030118E5A7BE0087EBFF /* AFHTTPSessionManager.h */,
				04E0030218E5A7BE0087EBFF /* AFHTTPSessionManager.m */,
				04E0030318E5A7BE0087EBFF /* AFNetworking.h */,
				04E0030418E5A7BE0087EBFF /* AFNetworkReachabilityManager.h */,
				04E0030518E5A7BE0087EBFF /* AFNetworkReachabilityManager.m */,
				04E0030618E5A7BE0087EBFF /* AFSecurityPolicy.h */,
				04E0030718E5A7BE0087EBFF /* AFSecurityPolicy.m */,
				04E0030818E5A7BE0087EBFF /* AFURLConnectionOperation.h */,
				04E0030918E5A7BE0087EBFF /* AFURLConnectionOperation.m */,
				04E0030A18E5A7BE0087EBFF /* AFURLRequestSerialization.h */,
				04E0030B18E5A7BE0087EBFF /* AFURLRequestSerialization.m */,
				04E0030C18E5A7BE0087EBFF /* AFURLResponseSerialization.h */,
				04E0030D18E5A7BE0087EBFF /* AFURLResponseSerialization.m */,
				04E0030E18E5A7BE0087EBFF /* AFURLSessionManager.h */,
				04E0030F18E5A7BE0087EBFF /* AFURLSessionManager.m */,
			);
			path = AFNetworking;
			sourceTree = "<group>";
		};
		04EFF5FE18E4FDFE0050CAEF = {
			isa = PBXGroup;
			children = (
				04E002FB18E5A7BE0087EBFF /* ScanningLib */,
				04EFF61018E4FDFE0050CAEF /* Scanning */,
				04EFF62E18E4FDFE0050CAEF /* ScanningTests */,
				04EFF60918E4FDFE0050CAEF /* Frameworks */,
				04EFF60818E4FDFE0050CAEF /* Products */,
			);
			sourceTree = "<group>";
		};
		04EFF60818E4FDFE0050CAEF /* Products */ = {
			isa = PBXGroup;
			children = (
				04EFF60718E4FDFE0050CAEF /* Scanning.app */,
				04EFF62818E4FDFE0050CAEF /* ScanningTests.xctest */,
			);
			name = Products;
			sourceTree = "<group>";
		};
		04EFF60918E4FDFE0050CAEF /* Frameworks */ = {
			isa = PBXGroup;
			children = (
				04E0031D18E5A97A0087EBFF /* libz.dylib */,
				04E0031B18E5A9750087EBFF /* SystemConfiguration.framework */,
				04E0031918E5A96F0087EBFF /* CFNetwork.framework */,
				04EFF60A18E4FDFE0050CAEF /* Cocoa.framework */,
				04EFF62918E4FDFE0050CAEF /* XCTest.framework */,
				04EFF60C18E4FDFE0050CAEF /* Other Frameworks */,
			);
			name = Frameworks;
			sourceTree = "<group>";
		};
		04EFF60C18E4FDFE0050CAEF /* Other Frameworks */ = {
			isa = PBXGroup;
			children = (
				04EFF60D18E4FDFE0050CAEF /* AppKit.framework */,
				04EFF60E18E4FDFE0050CAEF /* CoreData.framework */,
				04EFF60F18E4FDFE0050CAEF /* Foundation.framework */,
			);
			name = "Other Frameworks";
			sourceTree = "<group>";
		};
		04EFF61018E4FDFE0050CAEF /* Scanning */ = {
			isa = PBXGroup;
			children = (
				04EFF61C18E4FDFE0050CAEF /* AppDelegate.h */,
				04EFF61D18E4FDFE0050CAEF /* AppDelegate.m */,
				04EFF61F18E4FDFE0050CAEF /* MainMenu.xib */,
				04EFF62218E4FDFE0050CAEF /* Images.xcassets */,
				04EFF61118E4FDFE0050CAEF /* Supporting Files */,
			);
			path = Scanning;
			sourceTree = "<group>";
		};
		04EFF61118E4FDFE0050CAEF /* Supporting Files */ = {
			isa = PBXGroup;
			children = (
				04EFF61218E4FDFE0050CAEF /* Scanning-Info.plist */,
				04EFF61318E4FDFE0050CAEF /* InfoPlist.strings */,
				04EFF61618E4FDFE0050CAEF /* main.m */,
				04EFF61818E4FDFE0050CAEF /* Scanning-Prefix.pch */,
				04EFF61918E4FDFE0050CAEF /* Credits.rtf */,
			);
			name = "Supporting Files";
			sourceTree = "<group>";
		};
		04EFF62E18E4FDFE0050CAEF /* ScanningTests */ = {
			isa = PBXGroup;
			children = (
				04EFF63418E4FDFE0050CAEF /* ScanningTests.m */,
				04EFF62F18E4FDFE0050CAEF /* Supporting Files */,
			);
			path = ScanningTests;
			sourceTree = "<group>";
		};
		04EFF62F18E4FDFE0050CAEF /* Supporting Files */ = {
			isa = PBXGroup;
			children = (
				04EFF63018E4FDFE0050CAEF /* ScanningTests-Info.plist */,
				04EFF63118E4FDFE0050CAEF /* InfoPlist.strings */,
			);
			name = "Supporting Files";
			sourceTree = "<group>";
		};
/* End PBXGroup section */

/* Begin PBXNativeTarget section */
		04EFF60618E4FDFE0050CAEF /* Scanning */ = {
			isa = PBXNativeTarget;
			buildConfigurationList = 04EFF63818E4FDFE0050CAEF /* Build configuration list for PBXNativeTarget "Scanning" */;
			buildPhases = (
				04EFF60318E4FDFE0050CAEF /* Sources */,
				04EFF60418E4FDFE0050CAEF /* Frameworks */,
				04EFF60518E4FDFE0050CAEF /* Resources */,
			);
			buildRules = (
			);
			dependencies = (
			);
			name = Scanning;
			productName = Scanning;
			productReference = 04EFF60718E4FDFE0050CAEF /* Scanning.app */;
			productType = "com.apple.product-type.application";
		};
		04EFF62718E4FDFE0050CAEF /* ScanningTests */ = {
			isa = PBXNativeTarget;
			buildConfigurationList = 04EFF63B18E4FDFE0050CAEF /* Build configuration list for PBXNativeTarget "ScanningTests" */;
			buildPhases = (
				04EFF62418E4FDFE0050CAEF /* Sources */,
				04EFF62518E4FDFE0050CAEF /* Frameworks */,
				04EFF62618E4FDFE0050CAEF /* Resources */,
			);
			buildRules = (
			);
			dependencies = (
				04EFF62D18E4FDFE0050CAEF /* PBXTargetDependency */,
			);
			name = ScanningTests;
			productName = ScanningTests;
			productReference = 04EFF62818E4FDFE0050CAEF /* ScanningTests.xctest */;
			productType = "com.apple.product-type.bundle.unit-test";
		};
/* End PBXNativeTarget section */

/* Begin PBXProject section */
		04EFF5FF18E4FDFE0050CAEF /* Project object */ = {
			isa = PBXProject;
			attributes = {
				LastUpgradeCheck = 0510;
				ORGANIZATIONNAME = "trends-china";
				TargetAttributes = {
					04EFF62718E4FDFE0050CAEF = {
						TestTargetID = 04EFF60618E4FDFE0050CAEF;
					};
				};
			};
			buildConfigurationList = 04EFF60218E4FDFE0050CAEF /* Build configuration list for PBXProject "Scanning" */;
			compatibilityVersion = "Xcode 3.2";
			developmentRegion = English;
			hasScannedForEncodings = 0;
			knownRegions = (
				en,
				Base,
			);
			mainGroup = 04EFF5FE18E4FDFE0050CAEF;
			productRefGroup = 04EFF60818E4FDFE0050CAEF /* Products */;
			projectDirPath = "";
			projectRoot = "";
			targets = (
				04EFF60618E4FDFE0050CAEF /* Scanning */,
				04EFF62718E4FDFE0050CAEF /* ScanningTests */,
			);
		};
/* End PBXProject section */

/* Begin PBXResourcesBuildPhase section */
		04EFF60518E4FDFE0050CAEF /* Resources */ = {
			isa = PBXResourcesBuildPhase;
			buildActionMask = 2147483647;
			files = (
				04EFF61518E4FDFE0050CAEF /* InfoPlist.strings in Resources */,
				04EFF62318E4FDFE0050CAEF /* Images.xcassets in Resources */,
				04EFF61B18E4FDFE0050CAEF /* Credits.rtf in Resources */,
				04EFF62118E4FDFE0050CAEF /* MainMenu.xib in Resources */,
			);
			runOnlyForDeploymentPostprocessing = 0;
		};
		04EFF62618E4FDFE0050CAEF /* Resources */ = {
			isa = PBXResourcesBuildPhase;
			buildActionMask = 2147483647;
			files = (
				04EFF63318E4FDFE0050CAEF /* InfoPlist.strings in Resources */,
			);
			runOnlyForDeploymentPostprocessing = 0;
		};
/* End PBXResourcesBuildPhase section */

/* Begin PBXSourcesBuildPhase section */
		04EFF60318E4FDFE0050CAEF /* Sources */ = {
			isa = PBXSourcesBuildPhase;
			buildActionMask = 2147483647;
			files = (
				04E0031618E5A7BE0087EBFF /* AFURLRequestSerialization.m in Sources */,
				04E0031518E5A7BE0087EBFF /* AFURLConnectionOperation.m in Sources */,
				04E0031418E5A7BE0087EBFF /* AFSecurityPolicy.m in Sources */,
				04E0031018E5A7BE0087EBFF /* AFHTTPRequestOperation.m in Sources */,
				04E0031818E5A7BE0087EBFF /* AFURLSessionManager.m in Sources */,
				04E0031718E5A7BE0087EBFF /* AFURLResponseSerialization.m in Sources */,
				04EFF61E18E4FDFE0050CAEF /* AppDelegate.m in Sources */,
				04E0031218E5A7BE0087EBFF /* AFHTTPSessionManager.m in Sources */,
				04E0031118E5A7BE0087EBFF /* AFHTTPRequestOperationManager.m in Sources */,
				04E0031318E5A7BE0087EBFF /* AFNetworkReachabilityManager.m in Sources */,
				04EFF61718E4FDFE0050CAEF /* main.m in Sources */,
			);
			runOnlyForDeploymentPostprocessing = 0;
		};
		04EFF62418E4FDFE0050CAEF /* Sources */ = {
			isa = PBXSourcesBuildPhase;
			buildActionMask = 2147483647;
			files = (
				04EFF63518E4FDFE0050CAEF /* ScanningTests.m in Sources */,
			);
			runOnlyForDeploymentPostprocessing = 0;
		};
/* End PBXSourcesBuildPhase section */

/* Begin PBXTargetDependency section */
		04EFF62D18E4FDFE0050CAEF /* PBXTargetDependency */ = {
			isa = PBXTargetDependency;
			target = 04EFF60618E4FDFE0050CAEF /* Scanning */;
			targetProxy = 04EFF62C18E4FDFE0050CAEF /* PBXContainerItemProxy */;
		};
/* End PBXTargetDependency section */

/* Begin PBXVariantGroup section */
		04EFF61318E4FDFE0050CAEF /* InfoPlist.strings */ = {
			isa = PBXVariantGroup;
			children = (
				04EFF61418E4FDFE0050CAEF /* en */,
			);
			name = InfoPlist.strings;
			sourceTree = "<group>";
		};
		04EFF61918E4FDFE0050CAEF /* Credits.rtf */ = {
			isa = PBXVariantGroup;
			children = (
				04EFF61A18E4FDFE0050CAEF /* en */,
			);
			name = Credits.rtf;
			sourceTree = "<group>";
		};
		04EFF61F18E4FDFE0050CAEF /* MainMenu.xib */ = {
			isa = PBXVariantGroup;
			children = (
				04EFF62018E4FDFE0050CAEF /* Base */,
			);
			name = MainMenu.xib;
			sourceTree = "<group>";
		};
		04EFF63118E4FDFE0050CAEF /* InfoPlist.strings */ = {
			isa = PBXVariantGroup;
			children = (
				04EFF63218E4FDFE0050CAEF /* en */,
			);
			name = InfoPlist.strings;
			sourceTree = "<group>";
		};
/* End PBXVariantGroup section */

/* Begin XCBuildConfiguration section */
		04EFF63618E4FDFE0050CAEF /* Debug */ = {
			isa = XCBuildConfiguration;
			buildSettings = {
				ALWAYS_SEARCH_USER_PATHS = NO;
				CLANG_CXX_LANGUAGE_STANDARD = "gnu++0x";
				CLANG_CXX_LIBRARY = "libc++";
				CLANG_ENABLE_MODULES = YES;
				CLANG_ENABLE_OBJC_ARC = YES;
				CLANG_WARN_BOOL_CONVERSION = YES;
				CLANG_WARN_CONSTANT_CONVERSION = YES;
				CLANG_WARN_DIRECT_OBJC_ISA_USAGE = YES_ERROR;
				CLANG_WARN_EMPTY_BODY = YES;
				CLANG_WARN_ENUM_CONVERSION = YES;
				CLANG_WARN_INT_CONVERSION = YES;
				CLANG_WARN_OBJC_ROOT_CLASS = YES_ERROR;
				CLANG_WARN__DUPLICATE_METHOD_MATCH = YES;
				COPY_PHASE_STRIP = NO;
				GCC_C_LANGUAGE_STANDARD = gnu99;
				GCC_DYNAMIC_NO_PIC = NO;
				GCC_ENABLE_OBJC_EXCEPTIONS = YES;
				GCC_OPTIMIZATION_LEVEL = 0;
				GCC_PREPROCESSOR_DEFINITIONS = (
					"DEBUG=1",
					"$(inherited)",
				);
				GCC_SYMBOLS_PRIVATE_EXTERN = NO;
				GCC_WARN_64_TO_32_BIT_CONVERSION = YES;
				GCC_WARN_ABOUT_RETURN_TYPE = YES_ERROR;
				GCC_WARN_UNDECLARED_SELECTOR = YES;
				GCC_WARN_UNINITIALIZED_AUTOS = YES_AGGRESSIVE;
				GCC_WARN_UNUSED_FUNCTION = YES;
				GCC_WARN_UNUSED_VARIABLE = YES;
				MACOSX_DEPLOYMENT_TARGET = 10.9;
				ONLY_ACTIVE_ARCH = YES;
				SDKROOT = macosx;
			};
			name = Debug;
		};
		04EFF63718E4FDFE0050CAEF /* Release */ = {
			isa = XCBuildConfiguration;
			buildSettings = {
				ALWAYS_SEARCH_USER_PATHS = NO;
				CLANG_CXX_LANGUAGE_STANDARD = "gnu++0x";
				CLANG_CXX_LIBRARY = "libc++";
				CLANG_ENABLE_MODULES = YES;
				CLANG_ENABLE_OBJC_ARC = YES;
				CLANG_WARN_BOOL_CONVERSION = YES;
				CLANG_WARN_CONSTANT_CONVERSION = YES;
				CLANG_WARN_DIRECT_OBJC_ISA_USAGE = YES_ERROR;
				CLANG_WARN_EMPTY_BODY = YES;
				CLANG_WARN_ENUM_CONVERSION = YES;
				CLANG_WARN_INT_CONVERSION = YES;
				CLANG_WARN_OBJC_ROOT_CLASS = YES_ERROR;
				CLANG_WARN__DUPLICATE_METHOD_MATCH = YES;
				COPY_PHASE_STRIP = YES;
				DEBUG_INFORMATION_FORMAT = "dwarf-with-dsym";
				ENABLE_NS_ASSERTIONS = NO;
				GCC_C_LANGUAGE_STANDARD = gnu99;
				GCC_ENABLE_OBJC_EXCEPTIONS = YES;
				GCC_WARN_64_TO_32_BIT_CONVERSION = YES;
				GCC_WARN_ABOUT_RETURN_TYPE = YES_ERROR;
				GCC_WARN_UNDECLARED_SELECTOR = YES;
				GCC_WARN_UNINITIALIZED_AUTOS = YES_AGGRESSIVE;
				GCC_WARN_UNUSED_FUNCTION = YES;
				GCC_WARN_UNUSED_VARIABLE = YES;
				MACOSX_DEPLOYMENT_TARGET = 10.9;
				SDKROOT = macosx;
			};
			name = Release;
		};
		04EFF63918E4FDFE0050CAEF /* Debug */ = {
			isa = XCBuildConfiguration;
			buildSettings = {
				ASSETCATALOG_COMPILER_APPICON_NAME = AppIcon;
				COMBINE_HIDPI_IMAGES = YES;
				GCC_PRECOMPILE_PREFIX_HEADER = YES;
				GCC_PREFIX_HEADER = "Scanning/Scanning-Prefix.pch";
				INFOPLIST_FILE = "Scanning/Scanning-Info.plist";
				PRODUCT_NAME = "$(TARGET_NAME)";
				WRAPPER_EXTENSION = app;
			};
			name = Debug;
		};
		04EFF63A18E4FDFE0050CAEF /* Release */ = {
			isa = XCBuildConfiguration;
			buildSettings = {
				ASSETCATALOG_COMPILER_APPICON_NAME = AppIcon;
				COMBINE_HIDPI_IMAGES = YES;
				GCC_PRECOMPILE_PREFIX_HEADER = YES;
				GCC_PREFIX_HEADER = "Scanning/Scanning-Prefix.pch";
				INFOPLIST_FILE = "Scanning/Scanning-Info.plist";
				PRODUCT_NAME = "$(TARGET_NAME)";
				WRAPPER_EXTENSION = app;
			};
			name = Release;
		};
		04EFF63C18E4FDFE0050CAEF /* Debug */ = {
			isa = XCBuildConfiguration;
			buildSettings = {
				BUNDLE_LOADER = "$(BUILT_PRODUCTS_DIR)/Scanning.app/Contents/MacOS/Scanning";
				COMBINE_HIDPI_IMAGES = YES;
				FRAMEWORK_SEARCH_PATHS = (
					"$(DEVELOPER_FRAMEWORKS_DIR)",
					"$(inherited)",
				);
				GCC_PRECOMPILE_PREFIX_HEADER = YES;
				GCC_PREFIX_HEADER = "Scanning/Scanning-Prefix.pch";
				GCC_PREPROCESSOR_DEFINITIONS = (
					"DEBUG=1",
					"$(inherited)",
				);
				INFOPLIST_FILE = "ScanningTests/ScanningTests-Info.plist";
				PRODUCT_NAME = "$(TARGET_NAME)";
				TEST_HOST = "$(BUNDLE_LOADER)";
				WRAPPER_EXTENSION = xctest;
			};
			name = Debug;
		};
		04EFF63D18E4FDFE0050CAEF /* Release */ = {
			isa = XCBuildConfiguration;
			buildSettings = {
				BUNDLE_LOADER = "$(BUILT_PRODUCTS_DIR)/Scanning.app/Contents/MacOS/Scanning";
				COMBINE_HIDPI_IMAGES = YES;
				FRAMEWORK_SEARCH_PATHS = (
					"$(DEVELOPER_FRAMEWORKS_DIR)",
					"$(inherited)",
				);
				GCC_PRECOMPILE_PREFIX_HEADER = YES;
				GCC_PREFIX_HEADER = "Scanning/Scanning-Prefix.pch";
				INFOPLIST_FILE = "ScanningTests/ScanningTests-Info.plist";
				PRODUCT_NAME = "$(TARGET_NAME)";
				TEST_HOST = "$(BUNDLE_LOADER)";
				WRAPPER_EXTENSION = xctest;
			};
			name = Release;
		};
/* End XCBuildConfiguration section */

/* Begin XCConfigurationList section */
		04EFF60218E4FDFE0050CAEF /* Build configuration list for PBXProject "Scanning" */ = {
			isa = XCConfigurationList;
			buildConfigurations = (
				04EFF63618E4FDFE0050CAEF /* Debug */,
				04EFF63718E4FDFE0050CAEF /* Release */,
			);
			defaultConfigurationIsVisible = 0;
			defaultConfigurationName = Release;
		};
		04EFF63818E4FDFE0050CAEF /* Build configuration list for PBXNativeTarget "Scanning" */ = {
			isa = XCConfigurationList;
			buildConfigurations = (
				04EFF63918E4FDFE0050CAEF /* Debug */,
				04EFF63A18E4FDFE0050CAEF /* Release */,
			);
			defaultConfigurationIsVisible = 0;
			defaultConfigurationName = Release;
		};
		04EFF63B18E4FDFE0050CAEF /* Build configuration list for PBXNativeTarget "ScanningTests" */ = {
			isa = XCConfigurationList;
			buildConfigurations = (
				04EFF63C18E4FDFE0050CAEF /* Debug */,
				04EFF63D18E4FDFE0050CAEF /* Release */,
			);
			defaultConfigurationIsVisible = 0;
			defaultConfigurationName = Release;
		};
/* End XCConfigurationList section */
	};
	rootObject = 04EFF5FF18E4FDFE0050CAEF /* Project object */;
}
